// !$*UTF8*$!
{
	archiveVersion = 1;
	classes = {
	};
	objectVersion = 56;
	objects = {

/* Begin PBXBuildFile section */
		1CF02ABA2C62C63100EF04D7 /* Restaurant_ReservationApp.swift in Sources */ = {isa = PBXBuildFile; fileRef = 1CF02AB92C62C63100EF04D7 /* Restaurant_ReservationApp.swift */; };
		1CF02ABC2C62C63100EF04D7 /* ContentView.swift in Sources */ = {isa = PBXBuildFile; fileRef = 1CF02ABB2C62C63100EF04D7 /* ContentView.swift */; };
		1CF02ABE2C62C63200EF04D7 /* Assets.xcassets in Resources */ = {isa = PBXBuildFile; fileRef = 1CF02ABD2C62C63200EF04D7 /* Assets.xcassets */; };
		1CF02AC12C62C63200EF04D7 /* Preview Assets.xcassets in Resources */ = {isa = PBXBuildFile; fileRef = 1CF02AC02C62C63200EF04D7 /* Preview Assets.xcassets */; };
		1CF02ACB2C62C63200EF04D7 /* Restaurant_ReservationTests.swift in Sources */ = {isa = PBXBuildFile; fileRef = 1CF02ACA2C62C63200EF04D7 /* Restaurant_ReservationTests.swift */; };
		1CF02AD52C62C63200EF04D7 /* Restaurant_ReservationUITests.swift in Sources */ = {isa = PBXBuildFile; fileRef = 1CF02AD42C62C63200EF04D7 /* Restaurant_ReservationUITests.swift */; };
		1CF02AD72C62C63200EF04D7 /* Restaurant_ReservationUITestsLaunchTests.swift in Sources */ = {isa = PBXBuildFile; fileRef = 1CF02AD62C62C63200EF04D7 /* Restaurant_ReservationUITestsLaunchTests.swift */; };
/* End PBXBuildFile section */

/* Begin PBXContainerItemProxy section */
		1CF02AC72C62C63200EF04D7 /* PBXContainerItemProxy */ = {
			isa = PBXContainerItemProxy;
			containerPortal = 1CF02AAE2C62C63100EF04D7 /* Project object */;
			proxyType = 1;
			remoteGlobalIDString = 1CF02AB52C62C63100EF04D7;
			remoteInfo = "Restaurant-Reservation";
		};
		1CF02AD12C62C63200EF04D7 /* PBXContainerItemProxy */ = {
			isa = PBXContainerItemProxy;
			containerPortal = 1CF02AAE2C62C63100EF04D7 /* Project object */;
			proxyType = 1;
			remoteGlobalIDString = 1CF02AB52C62C63100EF04D7;
			remoteInfo = "Restaurant-Reservation";
		};
/* End PBXContainerItemProxy section */

/* Begin PBXFileReference section */
		1CF02AB62C62C63100EF04D7 /* Restaurant-Reservation.app */ = {isa = PBXFileReference; explicitFileType = wrapper.application; includeInIndex = 0; path = "Restaurant-Reservation.app"; sourceTree = BUILT_PRODUCTS_DIR; };
		1CF02AB92C62C63100EF04D7 /* Restaurant_ReservationApp.swift */ = {isa = PBXFileReference; lastKnownFileType = sourcecode.swift; path = Restaurant_ReservationApp.swift; sourceTree = "<group>"; };
		1CF02ABB2C62C63100EF04D7 /* ContentView.swift */ = {isa = PBXFileReference; lastKnownFileType = sourcecode.swift; path = ContentView.swift; sourceTree = "<group>"; };
		1CF02ABD2C62C63200EF04D7 /* Assets.xcassets */ = {isa = PBXFileReference; lastKnownFileType = folder.assetcatalog; path = Assets.xcassets; sourceTree = "<group>"; };
		1CF02AC02C62C63200EF04D7 /* Preview Assets.xcassets */ = {isa = PBXFileReference; lastKnownFileType = folder.assetcatalog; path = "Preview Assets.xcassets"; sourceTree = "<group>"; };
		1CF02AC62C62C63200EF04D7 /* Restaurant-ReservationTests.xctest */ = {isa = PBXFileReference; explicitFileType = wrapper.cfbundle; includeInIndex = 0; path = "Restaurant-ReservationTests.xctest"; sourceTree = BUILT_PRODUCTS_DIR; };
		1CF02ACA2C62C63200EF04D7 /* Restaurant_ReservationTests.swift */ = {isa = PBXFileReference; lastKnownFileType = sourcecode.swift; path = Restaurant_ReservationTests.swift; sourceTree = "<group>"; };
		1CF02AD02C62C63200EF04D7 /* Restaurant-ReservationUITests.xctest */ = {isa = PBXFileReference; explicitFileType = wrapper.cfbundle; includeInIndex = 0; path = "Restaurant-ReservationUITests.xctest"; sourceTree = BUILT_PRODUCTS_DIR; };
		1CF02AD42C62C63200EF04D7 /* Restaurant_ReservationUITests.swift */ = {isa = PBXFileReference; lastKnownFileType = sourcecode.swift; path = Restaurant_ReservationUITests.swift; sourceTree = "<group>"; };
		1CF02AD62C62C63200EF04D7 /* Restaurant_ReservationUITestsLaunchTests.swift */ = {isa = PBXFileReference; lastKnownFileType = sourcecode.swift; path = Restaurant_ReservationUITestsLaunchTests.swift; sourceTree = "<group>"; };
/* End PBXFileReference section */

/* Begin PBXFrameworksBuildPhase section */
		1CF02AB32C62C63100EF04D7 /* Frameworks */ = {
			isa = PBXFrameworksBuildPhase;
			buildActionMask = 2147483647;
			files = (
			);
			runOnlyForDeploymentPostprocessing = 0;
		};
		1CF02AC32C62C63200EF04D7 /* Frameworks */ = {
			isa = PBXFrameworksBuildPhase;
			buildActionMask = 2147483647;
			files = (
			);
			runOnlyForDeploymentPostprocessing = 0;
		};
		1CF02ACD2C62C63200EF04D7 /* Frameworks */ = {
			isa = PBXFrameworksBuildPhase;
			buildActionMask = 2147483647;
			files = (
			);
			runOnlyForDeploymentPostprocessing = 0;
		};
/* End PBXFrameworksBuildPhase section */

/* Begin PBXGroup section */
		1CF02AAD2C62C63100EF04D7 = {
			isa = PBXGroup;
			children = (
				1CF02AB82C62C63100EF04D7 /* Restaurant-Reservation */,
				1CF02AC92C62C63200EF04D7 /* Restaurant-ReservationTests */,
				1CF02AD32C62C63200EF04D7 /* Restaurant-ReservationUITests */,
				1CF02AB72C62C63100EF04D7 /* Products */,
			);
			sourceTree = "<group>";
		};
		1CF02AB72C62C63100EF04D7 /* Products */ = {
			isa = PBXGroup;
			children = (
				1CF02AB62C62C63100EF04D7 /* Restaurant-Reservation.app */,
				1CF02AC62C62C63200EF04D7 /* Restaurant-ReservationTests.xctest */,
				1CF02AD02C62C63200EF04D7 /* Restaurant-ReservationUITests.xctest */,
			);
			name = Products;
			sourceTree = "<group>";
		};
		1CF02AB82C62C63100EF04D7 /* Restaurant-Reservation */ = {
			isa = PBXGroup;
			children = (
				1CF02AB92C62C63100EF04D7 /* Restaurant_ReservationApp.swift */,
				1CF02ABB2C62C63100EF04D7 /* ContentView.swift */,
				1CF02ABD2C62C63200EF04D7 /* Assets.xcassets */,
				1CF02ABF2C62C63200EF04D7 /* Preview Content */,
			);
			path = "Restaurant-Reservation";
			sourceTree = "<group>";
		};
		1CF02ABF2C62C63200EF04D7 /* Preview Content */ = {
			isa = PBXGroup;
			children = (
				1CF02AC02C62C63200EF04D7 /* Preview Assets.xcassets */,
			);
			path = "Preview Content";
			sourceTree = "<group>";
		};
		1CF02AC92C62C63200EF04D7 /* Restaurant-ReservationTests */ = {
			isa = PBXGroup;
			children = (
				1CF02ACA2C62C63200EF04D7 /* Restaurant_ReservationTests.swift */,
			);
			path = "Restaurant-ReservationTests";
			sourceTree = "<group>";
		};
		1CF02AD32C62C63200EF04D7 /* Restaurant-ReservationUITests */ = {
			isa = PBXGroup;
			children = (
				1CF02AD42C62C63200EF04D7 /* Restaurant_ReservationUITests.swift */,
				1CF02AD62C62C63200EF04D7 /* Restaurant_ReservationUITestsLaunchTests.swift */,
			);
			path = "Restaurant-ReservationUITests";
			sourceTree = "<group>";
		};
/* End PBXGroup section */

/* Begin PBXNativeTarget section */
		1CF02AB52C62C63100EF04D7 /* Restaurant-Reservation */ = {
			isa = PBXNativeTarget;
			buildConfigurationList = 1CF02ADA2C62C63200EF04D7 /* Build configuration list for PBXNativeTarget "Restaurant-Reservation" */;
			buildPhases = (
				1CF02AB22C62C63100EF04D7 /* Sources */,
				1CF02AB32C62C63100EF04D7 /* Frameworks */,
				1CF02AB42C62C63100EF04D7 /* Resources */,
			);
			buildRules = (
			);
			dependencies = (
			);
			name = "Restaurant-Reservation";
			productName = "Restaurant-Reservation";
			productReference = 1CF02AB62C62C63100EF04D7 /* Restaurant-Reservation.app */;
			productType = "com.apple.product-type.application";
		};
		1CF02AC52C62C63200EF04D7 /* Restaurant-ReservationTests */ = {
			isa = PBXNativeTarget;
			buildConfigurationList = 1CF02ADD2C62C63200EF04D7 /* Build configuration list for PBXNativeTarget "Restaurant-ReservationTests" */;
			buildPhases = (
				1CF02AC22C62C63200EF04D7 /* Sources */,
				1CF02AC32C62C63200EF04D7 /* Frameworks */,
				1CF02AC42C62C63200EF04D7 /* Resources */,
			);
			buildRules = (
			);
			dependencies = (
				1CF02AC82C62C63200EF04D7 /* PBXTargetDependency */,
			);
			name = "Restaurant-ReservationTests";
			productName = "Restaurant-ReservationTests";
			productReference = 1CF02AC62C62C63200EF04D7 /* Restaurant-ReservationTests.xctest */;
			productType = "com.apple.product-type.bundle.unit-test";
		};
		1CF02ACF2C62C63200EF04D7 /* Restaurant-ReservationUITests */ = {
			isa = PBXNativeTarget;
			buildConfigurationList = 1CF02AE02C62C63200EF04D7 /* Build configuration list for PBXNativeTarget "Restaurant-ReservationUITests" */;
			buildPhases = (
				1CF02ACC2C62C63200EF04D7 /* Sources */,
				1CF02ACD2C62C63200EF04D7 /* Frameworks */,
				1CF02ACE2C62C63200EF04D7 /* Resources */,
			);
			buildRules = (
			);
			dependencies = (
				1CF02AD22C62C63200EF04D7 /* PBXTargetDependency */,
			);
			name = "Restaurant-ReservationUITests";
			productName = "Restaurant-ReservationUITests";
			productReference = 1CF02AD02C62C63200EF04D7 /* Restaurant-ReservationUITests.xctest */;
			productType = "com.apple.product-type.bundle.ui-testing";
		};
/* End PBXNativeTarget section */

/* Begin PBXProject section */
		1CF02AAE2C62C63100EF04D7 /* Project object */ = {
			isa = PBXProject;
			attributes = {
				BuildIndependentTargetsInParallel = 1;
				LastSwiftUpdateCheck = 1530;
				LastUpgradeCheck = 1530;
				TargetAttributes = {
					1CF02AB52C62C63100EF04D7 = {
						CreatedOnToolsVersion = 15.3;
					};
					1CF02AC52C62C63200EF04D7 = {
						CreatedOnToolsVersion = 15.3;
						TestTargetID = 1CF02AB52C62C63100EF04D7;
					};
					1CF02ACF2C62C63200EF04D7 = {
						CreatedOnToolsVersion = 15.3;
						TestTargetID = 1CF02AB52C62C63100EF04D7;
					};
				};
			};
			buildConfigurationList = 1CF02AB12C62C63100EF04D7 /* Build configuration list for PBXProject "Restaurant-Reservation" */;
			compatibilityVersion = "Xcode 14.0";
			developmentRegion = en;
			hasScannedForEncodings = 0;
			knownRegions = (
				en,
				Base,
			);
			mainGroup = 1CF02AAD2C62C63100EF04D7;
			productRefGroup = 1CF02AB72C62C63100EF04D7 /* Products */;
			projectDirPath = "";
			projectRoot = "";
			targets = (
				1CF02AB52C62C63100EF04D7 /* Restaurant-Reservation */,
				1CF02AC52C62C63200EF04D7 /* Restaurant-ReservationTests */,
				1CF02ACF2C62C63200EF04D7 /* Restaurant-ReservationUITests */,
			);
		};
/* End PBXProject section */

/* Begin PBXResourcesBuildPhase section */
		1CF02AB42C62C63100EF04D7 /* Resources */ = {
			isa = PBXResourcesBuildPhase;
			buildActionMask = 2147483647;
			files = (
				1CF02AC12C62C63200EF04D7 /* Preview Assets.xcassets in Resources */,
				1CF02ABE2C62C63200EF04D7 /* Assets.xcassets in Resources */,
			);
			runOnlyForDeploymentPostprocessing = 0;
		};
		1CF02AC42C62C63200EF04D7 /* Resources */ = {
			isa = PBXResourcesBuildPhase;
			buildActionMask = 2147483647;
			files = (
			);
			runOnlyForDeploymentPostprocessing = 0;
		};
		1CF02ACE2C62C63200EF04D7 /* Resources */ = {
			isa = PBXResourcesBuildPhase;
			buildActionMask = 2147483647;
			files = (
			);
			runOnlyForDeploymentPostprocessing = 0;
		};
/* End PBXResourcesBuildPhase section */

/* Begin PBXSourcesBuildPhase section */
		1CF02AB22C62C63100EF04D7 /* Sources */ = {
			isa = PBXSourcesBuildPhase;
			buildActionMask = 2147483647;
			files = (
				1CF02ABC2C62C63100EF04D7 /* ContentView.swift in Sources */,
				1CF02ABA2C62C63100EF04D7 /* Restaurant_ReservationApp.swift in Sources */,
			);
			runOnlyForDeploymentPostprocessing = 0;
		};
		1CF02AC22C62C63200EF04D7 /* Sources */ = {
			isa = PBXSourcesBuildPhase;
			buildActionMask = 2147483647;
			files = (
				1CF02ACB2C62C63200EF04D7 /* Restaurant_ReservationTests.swift in Sources */,
			);
			runOnlyForDeploymentPostprocessing = 0;
		};
		1CF02ACC2C62C63200EF04D7 /* Sources */ = {
			isa = PBXSourcesBuildPhase;
			buildActionMask = 2147483647;
			files = (
				1CF02AD72C62C63200EF04D7 /* Restaurant_ReservationUITestsLaunchTests.swift in Sources */,
				1CF02AD52C62C63200EF04D7 /* Restaurant_ReservationUITests.swift in Sources */,
			);
			runOnlyForDeploymentPostprocessing = 0;
		};
/* End PBXSourcesBuildPhase section */

/* Begin PBXTargetDependency section */
		1CF02AC82C62C63200EF04D7 /* PBXTargetDependency */ = {
			isa = PBXTargetDependency;
			target = 1CF02AB52C62C63100EF04D7 /* Restaurant-Reservation */;
			targetProxy = 1CF02AC72C62C63200EF04D7 /* PBXContainerItemProxy */;
		};
		1CF02AD22C62C63200EF04D7 /* PBXTargetDependency */ = {
			isa = PBXTargetDependency;
			target = 1CF02AB52C62C63100EF04D7 /* Restaurant-Reservation */;
			targetProxy = 1CF02AD12C62C63200EF04D7 /* PBXContainerItemProxy */;
		};
/* End PBXTargetDependency section */

/* Begin XCBuildConfiguration section */
		1CF02AD82C62C63200EF04D7 /* Debug */ = {
			isa = XCBuildConfiguration;
			buildSettings = {
				ALWAYS_SEARCH_USER_PATHS = NO;
				ASSETCATALOG_COMPILER_GENERATE_SWIFT_ASSET_SYMBOL_EXTENSIONS = YES;
				CLANG_ANALYZER_NONNULL = YES;
				CLANG_ANALYZER_NUMBER_OBJECT_CONVERSION = YES_AGGRESSIVE;
				CLANG_CXX_LANGUAGE_STANDARD = "gnu++20";
				CLANG_ENABLE_MODULES = YES;
				CLANG_ENABLE_OBJC_ARC = YES;
				CLANG_ENABLE_OBJC_WEAK = YES;
				CLANG_WARN_BLOCK_CAPTURE_AUTORELEASING = YES;
				CLANG_WARN_BOOL_CONVERSION = YES;
				CLANG_WARN_COMMA = YES;
				CLANG_WARN_CONSTANT_CONVERSION = YES;
				CLANG_WARN_DEPRECATED_OBJC_IMPLEMENTATIONS = YES;
				CLANG_WARN_DIRECT_OBJC_ISA_USAGE = YES_ERROR;
				CLANG_WARN_DOCUMENTATION_COMMENTS = YES;
				CLANG_WARN_EMPTY_BODY = YES;
				CLANG_WARN_ENUM_CONVERSION = YES;
				CLANG_WARN_INFINITE_RECURSION = YES;
				CLANG_WARN_INT_CONVERSION = YES;
				CLANG_WARN_NON_LITERAL_NULL_CONVERSION = YES;
				CLANG_WARN_OBJC_IMPLICIT_RETAIN_SELF = YES;
				CLANG_WARN_OBJC_LITERAL_CONVERSION = YES;
				CLANG_WARN_OBJC_ROOT_CLASS = YES_ERROR;
				CLANG_WARN_QUOTED_INCLUDE_IN_FRAMEWORK_HEADER = YES;
				CLANG_WARN_RANGE_LOOP_ANALYSIS = YES;
				CLANG_WARN_STRICT_PROTOTYPES = YES;
				CLANG_WARN_SUSPICIOUS_MOVE = YES;
				CLANG_WARN_UNGUARDED_AVAILABILITY = YES_AGGRESSIVE;
				CLANG_WARN_UNREACHABLE_CODE = YES;
				CLANG_WARN__DUPLICATE_METHOD_MATCH = YES;
				COPY_PHASE_STRIP = NO;
				DEBUG_INFORMATION_FORMAT = dwarf;
				ENABLE_STRICT_OBJC_MSGSEND = YES;
				ENABLE_TESTABILITY = YES;
				ENABLE_USER_SCRIPT_SANDBOXING = YES;
				GCC_C_LANGUAGE_STANDARD = gnu17;
				GCC_DYNAMIC_NO_PIC = NO;
				GCC_NO_COMMON_BLOCKS = YES;
				GCC_OPTIMIZATION_LEVEL = 0;
				GCC_PREPROCESSOR_DEFINITIONS = (
					"DEBUG=1",
					"$(inherited)",
				);
				GCC_WARN_64_TO_32_BIT_CONVERSION = YES;
				GCC_WARN_ABOUT_RETURN_TYPE = YES_ERROR;
				GCC_WARN_UNDECLARED_SELECTOR = YES;
				GCC_WARN_UNINITIALIZED_AUTOS = YES_AGGRESSIVE;
				GCC_WARN_UNUSED_FUNCTION = YES;
				GCC_WARN_UNUSED_VARIABLE = YES;
				IPHONEOS_DEPLOYMENT_TARGET = 17.4;
				LOCALIZATION_PREFERS_STRING_CATALOGS = YES;
				MTL_ENABLE_DEBUG_INFO = INCLUDE_SOURCE;
				MTL_FAST_MATH = YES;
				ONLY_ACTIVE_ARCH = YES;
				SDKROOT = iphoneos;
				SWIFT_ACTIVE_COMPILATION_CONDITIONS = "DEBUG $(inherited)";
				SWIFT_OPTIMIZATION_LEVEL = "-Onone";
			};
			name = Debug;
		};
		1CF02AD92C62C63200EF04D7 /* Release */ = {
			isa = XCBuildConfiguration;
			buildSettings = {
				ALWAYS_SEARCH_USER_PATHS = NO;
				ASSETCATALOG_COMPILER_GENERATE_SWIFT_ASSET_SYMBOL_EXTENSIONS = YES;
				CLANG_ANALYZER_NONNULL = YES;
				CLANG_ANALYZER_NUMBER_OBJECT_CONVERSION = YES_AGGRESSIVE;
				CLANG_CXX_LANGUAGE_STANDARD = "gnu++20";
				CLANG_ENABLE_MODULES = YES;
				CLANG_ENABLE_OBJC_ARC = YES;
				CLANG_ENABLE_OBJC_WEAK = YES;
				CLANG_WARN_BLOCK_CAPTURE_AUTORELEASING = YES;
				CLANG_WARN_BOOL_CONVERSION = YES;
				CLANG_WARN_COMMA = YES;
				CLANG_WARN_CONSTANT_CONVERSION = YES;
				CLANG_WARN_DEPRECATED_OBJC_IMPLEMENTATIONS = YES;
				CLANG_WARN_DIRECT_OBJC_ISA_USAGE = YES_ERROR;
				CLANG_WARN_DOCUMENTATION_COMMENTS = YES;
				CLANG_WARN_EMPTY_BODY = YES;
				CLANG_WARN_ENUM_CONVERSION = YES;
				CLANG_WARN_INFINITE_RECURSION = YES;
				CLANG_WARN_INT_CONVERSION = YES;
				CLANG_WARN_NON_LITERAL_NULL_CONVERSION = YES;
				CLANG_WARN_OBJC_IMPLICIT_RETAIN_SELF = YES;
				CLANG_WARN_OBJC_LITERAL_CONVERSION = YES;
				CLANG_WARN_OBJC_ROOT_CLASS = YES_ERROR;
				CLANG_WARN_QUOTED_INCLUDE_IN_FRAMEWORK_HEADER = YES;
				CLANG_WARN_RANGE_LOOP_ANALYSIS = YES;
				CLANG_WARN_STRICT_PROTOTYPES = YES;
				CLANG_WARN_SUSPICIOUS_MOVE = YES;
				CLANG_WARN_UNGUARDED_AVAILABILITY = YES_AGGRESSIVE;
				CLANG_WARN_UNREACHABLE_CODE = YES;
				CLANG_WARN__DUPLICATE_METHOD_MATCH = YES;
				COPY_PHASE_STRIP = NO;
				DEBUG_INFORMATION_FORMAT = "dwarf-with-dsym";
				ENABLE_NS_ASSERTIONS = NO;
				ENABLE_STRICT_OBJC_MSGSEND = YES;
				ENABLE_USER_SCRIPT_SANDBOXING = YES;
				GCC_C_LANGUAGE_STANDARD = gnu17;
				GCC_NO_COMMON_BLOCKS = YES;
				GCC_WARN_64_TO_32_BIT_CONVERSION = YES;
				GCC_WARN_ABOUT_RETURN_TYPE = YES_ERROR;
				GCC_WARN_UNDECLARED_SELECTOR = YES;
				GCC_WARN_UNINITIALIZED_AUTOS = YES_AGGRESSIVE;
				GCC_WARN_UNUSED_FUNCTION = YES;
				GCC_WARN_UNUSED_VARIABLE = YES;
				IPHONEOS_DEPLOYMENT_TARGET = 17.4;
				LOCALIZATION_PREFERS_STRING_CATALOGS = YES;
				MTL_ENABLE_DEBUG_INFO = NO;
				MTL_FAST_MATH = YES;
				SDKROOT = iphoneos;
				SWIFT_COMPILATION_MODE = wholemodule;
				VALIDATE_PRODUCT = YES;
			};
			name = Release;
		};
		1CF02ADB2C62C63200EF04D7 /* Debug */ = {
			isa = XCBuildConfiguration;
			buildSettings = {
				ASSETCATALOG_COMPILER_APPICON_NAME = AppIcon;
				ASSETCATALOG_COMPILER_GLOBAL_ACCENT_COLOR_NAME = AccentColor;
				CODE_SIGN_STYLE = Automatic;
				CURRENT_PROJECT_VERSION = 1;
				DEVELOPMENT_ASSET_PATHS = "\"Restaurant-Reservation/Preview Content\"";
				DEVELOPMENT_TEAM = 2V7TD7TK7G;
				ENABLE_PREVIEWS = YES;
				GENERATE_INFOPLIST_FILE = YES;
				INFOPLIST_KEY_UIApplicationSceneManifest_Generation = YES;
				INFOPLIST_KEY_UIApplicationSupportsIndirectInputEvents = YES;
				INFOPLIST_KEY_UILaunchScreen_Generation = YES;
				INFOPLIST_KEY_UISupportedInterfaceOrientations_iPad = "UIInterfaceOrientationPortrait UIInterfaceOrientationPortraitUpsideDown UIInterfaceOrientationLandscapeLeft UIInterfaceOrientationLandscapeRight";
				INFOPLIST_KEY_UISupportedInterfaceOrientations_iPhone = "UIInterfaceOrientationPortrait UIInterfaceOrientationLandscapeLeft UIInterfaceOrientationLandscapeRight";
				LD_RUNPATH_SEARCH_PATHS = (
					"$(inherited)",
					"@executable_path/Frameworks",
				);
				MARKETING_VERSION = 1.0;
				PRODUCT_BUNDLE_IDENTIFIER = "io.designcode.Restaurant-Reservation";
				PRODUCT_NAME = "$(TARGET_NAME)";
				SWIFT_EMIT_LOC_STRINGS = YES;
				SWIFT_VERSION = 5.0;
				TARGETED_DEVICE_FAMILY = "1,2";
			};
			name = Debug;
		};
		1CF02ADC2C62C63200EF04D7 /* Release */ = {
			isa = XCBuildConfiguration;
			buildSettings = {
				ASSETCATALOG_COMPILER_APPICON_NAME = AppIcon;
				ASSETCATALOG_COMPILER_GLOBAL_ACCENT_COLOR_NAME = AccentColor;
				CODE_SIGN_STYLE = Automatic;
				CURRENT_PROJECT_VERSION = 1;
				DEVELOPMENT_ASSET_PATHS = "\"Restaurant-Reservation/Preview Content\"";
				DEVELOPMENT_TEAM = 2V7TD7TK7G;
				ENABLE_PREVIEWS = YES;
				GENERATE_INFOPLIST_FILE = YES;
				INFOPLIST_KEY_UIApplicationSceneManifest_Generation = YES;
				INFOPLIST_KEY_UIApplicationSupportsIndirectInputEvents = YES;
				INFOPLIST_KEY_UILaunchScreen_Generation = YES;
				INFOPLIST_KEY_UISupportedInterfaceOrientations_iPad = "UIInterfaceOrientationPortrait UIInterfaceOrientationPortraitUpsideDown UIInterfaceOrientationLandscapeLeft UIInterfaceOrientationLandscapeRight";
				INFOPLIST_KEY_UISupportedInterfaceOrientations_iPhone = "UIInterfaceOrientationPortrait UIInterfaceOrientationLandscapeLeft UIInterfaceOrientationLandscapeRight";
				LD_RUNPATH_SEARCH_PATHS = (
					"$(inherited)",
					"@executable_path/Frameworks",
				);
				MARKETING_VERSION = 1.0;
				PRODUCT_BUNDLE_IDENTIFIER = "io.designcode.Restaurant-Reservation";
				PRODUCT_NAME = "$(TARGET_NAME)";
				SWIFT_EMIT_LOC_STRINGS = YES;
				SWIFT_VERSION = 5.0;
				TARGETED_DEVICE_FAMILY = "1,2";
			};
			name = Release;
		};
		1CF02ADE2C62C63200EF04D7 /* Debug */ = {
			isa = XCBuildConfiguration;
			buildSettings = {
				ALWAYS_EMBED_SWIFT_STANDARD_LIBRARIES = YES;
				BUNDLE_LOADER = "$(TEST_HOST)";
				CODE_SIGN_STYLE = Automatic;
				CURRENT_PROJECT_VERSION = 1;
				DEVELOPMENT_TEAM = 2V7TD7TK7G;
				GENERATE_INFOPLIST_FILE = YES;
				IPHONEOS_DEPLOYMENT_TARGET = 17.4;
				MARKETING_VERSION = 1.0;
				PRODUCT_BUNDLE_IDENTIFIER = "io.designcode.Restaurant-ReservationTests";
				PRODUCT_NAME = "$(TARGET_NAME)";
				SWIFT_EMIT_LOC_STRINGS = NO;
				SWIFT_VERSION = 5.0;
				TARGETED_DEVICE_FAMILY = "1,2";
				TEST_HOST = "$(BUILT_PRODUCTS_DIR)/Restaurant-Reservation.app/$(BUNDLE_EXECUTABLE_FOLDER_PATH)/Restaurant-Reservation";
			};
			name = Debug;
		};
		1CF02ADF2C62C63200EF04D7 /* Release */ = {
			isa = XCBuildConfiguration;
			buildSettings = {
				ALWAYS_EMBED_SWIFT_STANDARD_LIBRARIES = YES;
				BUNDLE_LOADER = "$(TEST_HOST)";
				CODE_SIGN_STYLE = Automatic;
				CURRENT_PROJECT_VERSION = 1;
				DEVELOPMENT_TEAM = 2V7TD7TK7G;
				GENERATE_INFOPLIST_FILE = YES;
				IPHONEOS_DEPLOYMENT_TARGET = 17.4;
				MARKETING_VERSION = 1.0;
				PRODUCT_BUNDLE_IDENTIFIER = "io.designcode.Restaurant-ReservationTests";
				PRODUCT_NAME = "$(TARGET_NAME)";
				SWIFT_EMIT_LOC_STRINGS = NO;
				SWIFT_VERSION = 5.0;
				TARGETED_DEVICE_FAMILY = "1,2";
				TEST_HOST = "$(BUILT_PRODUCTS_DIR)/Restaurant-Reservation.app/$(BUNDLE_EXECUTABLE_FOLDER_PATH)/Restaurant-Reservation";
			};
			name = Release;
		};
		1CF02AE12C62C63200EF04D7 /* Debug */ = {
			isa = XCBuildConfiguration;
			buildSettings = {
				ALWAYS_EMBED_SWIFT_STANDARD_LIBRARIES = YES;
				CODE_SIGN_STYLE = Automatic;
				CURRENT_PROJECT_VERSION = 1;
				DEVELOPMENT_TEAM = 2V7TD7TK7G;
				GENERATE_INFOPLIST_FILE = YES;
				MARKETING_VERSION = 1.0;
				PRODUCT_BUNDLE_IDENTIFIER = "io.designcode.Restaurant-ReservationUITests";
				PRODUCT_NAME = "$(TARGET_NAME)";
				SWIFT_EMIT_LOC_STRINGS = NO;
				SWIFT_VERSION = 5.0;
				TARGETED_DEVICE_FAMILY = "1,2";
				TEST_TARGET_NAME = "Restaurant-Reservation";
			};
			name = Debug;
		};
		1CF02AE22C62C63200EF04D7 /* Release */ = {
			isa = XCBuildConfiguration;
			buildSettings = {
				ALWAYS_EMBED_SWIFT_STANDARD_LIBRARIES = YES;
				CODE_SIGN_STYLE = Automatic;
				CURRENT_PROJECT_VERSION = 1;
				DEVELOPMENT_TEAM = 2V7TD7TK7G;
				GENERATE_INFOPLIST_FILE = YES;
				MARKETING_VERSION = 1.0;
				PRODUCT_BUNDLE_IDENTIFIER = "io.designcode.Restaurant-ReservationUITests";
				PRODUCT_NAME = "$(TARGET_NAME)";
				SWIFT_EMIT_LOC_STRINGS = NO;
				SWIFT_VERSION = 5.0;
				TARGETED_DEVICE_FAMILY = "1,2";
				TEST_TARGET_NAME = "Restaurant-Reservation";
			};
			name = Release;
		};
/* End XCBuildConfiguration section */

/* Begin XCConfigurationList section */
		1CF02AB12C62C63100EF04D7 /* Build configuration list for PBXProject "Restaurant-Reservation" */ = {
			isa = XCConfigurationList;
			buildConfigurations = (
				1CF02AD82C62C63200EF04D7 /* Debug */,
				1CF02AD92C62C63200EF04D7 /* Release */,
			);
			defaultConfigurationIsVisible = 0;
			defaultConfigurationName = Release;
		};
		1CF02ADA2C62C63200EF04D7 /* Build configuration list for PBXNativeTarget "Restaurant-Reservation" */ = {
			isa = XCConfigurationList;
			buildConfigurations = (
				1CF02ADB2C62C63200EF04D7 /* Debug */,
				1CF02ADC2C62C63200EF04D7 /* Release */,
			);
			defaultConfigurationIsVisible = 0;
			defaultConfigurationName = Release;
		};
		1CF02ADD2C62C63200EF04D7 /* Build configuration list for PBXNativeTarget "Restaurant-ReservationTests" */ = {
			isa = XCConfigurationList;
			buildConfigurations = (
				1CF02ADE2C62C63200EF04D7 /* Debug */,
				1CF02ADF2C62C63200EF04D7 /* Release */,
			);
			defaultConfigurationIsVisible = 0;
			defaultConfigurationName = Release;
		};
		1CF02AE02C62C63200EF04D7 /* Build configuration list for PBXNativeTarget "Restaurant-ReservationUITests" */ = {
			isa = XCConfigurationList;
			buildConfigurations = (
				1CF02AE12C62C63200EF04D7 /* Debug */,
				1CF02AE22C62C63200EF04D7 /* Release */,
			);
			defaultConfigurationIsVisible = 0;
			defaultConfigurationName = Release;
		};
/* End XCConfigurationList section */
	};
	rootObject = 1CF02AAE2C62C63100EF04D7 /* Project object */;
}
